
Microsoft Visual Studio Solution File, Format Version 12.00
# Visual Studio Version 17
VisualStudioVersion = 17.0.32126.317
MinimumVisualStudioVersion = 10.0.40219.1
Project("{FAE04EC0-301F-11D3-BF4B-00C04F79EFBC}") = "Exercise_DataGridView", "Exercise_DataGridView\Exercise_DataGridView.csproj", "{AF23B66D-9DE8-491C-98FE-F2F6BCFAFF2D}"
EndProject
Global
	GlobalSection(SolutionConfigurationPlatforms) = preSolution
		Debug|Any CPU = Debug|Any CPU
		Release|Any CPU = Release|Any CPU
	EndGlobalSection
	GlobalSection(ProjectConfigurationPlatforms) = postSolution
		{AF23B66D-9DE8-491C-98FE-F2F6BCFAFF2D}.Debug|Any CPU.ActiveCfg = Debug|Any CPU
		{AF23B66D-9DE8-491C-98FE-F2F6BCFAFF2D}.Debug|Any CPU.Build.0 = Debug|Any CPU
		{AF23B66D-9DE8-491C-98FE-F2F6BCFAFF2D}.Release|Any CPU.ActiveCfg = Release|Any CPU
		{AF23B66D-9DE8-491C-98FE-F2F6BCFAFF2D}.Release|Any CPU.Build.0 = Release|Any CPU
	EndGlobalSection
	GlobalSection(SolutionProperties) = preSolution
		HideSolutionNode = FALSE
	EndGlobalSection
	GlobalSection(ExtensibilityGlobals) = postSolution
		SolutionGuid = {BAB8D962-A89C-4285-A768-B1BBAE833A49}
	EndGlobalSection
EndGlobal
